
Microsoft Visual Studio Solution File, Format Version 12.00
# Visual Studio Version 17
VisualStudioVersion = 17.3.32901.215
MinimumVisualStudioVersion = 10.0.40219.1
Project("{8BC9CEB8-8B4A-11D0-8D11-00A0C91BC942}") = "2018112007_이승현_실습2주차", "2018112007_이승현_실습2주차\2018112007_이승현_실습2주차.vcxproj", "{D307EA5F-11CE-466D-ABA3-1CC6E87D7735}"
EndProject
Global
	GlobalSection(SolutionConfigurationPlatforms) = preSolution
		Debug|x64 = Debug|x64
		Debug|x86 = Debug|x86
		Release|x64 = Release|x64
		Release|x86 = Release|x86
	EndGlobalSection
	GlobalSection(ProjectConfigurationPlatforms) = postSolution
		{D307EA5F-11CE-466D-ABA3-1CC6E87D7735}.Debug|x64.ActiveCfg = Debug|x64
		{D307EA5F-11CE-466D-ABA3-1CC6E87D7735}.Debug|x64.Build.0 = Debug|x64
		{D307EA5F-11CE-466D-ABA3-1CC6E87D7735}.Debug|x86.ActiveCfg = Debug|Win32
		{D307EA5F-11CE-466D-ABA3-1CC6E87D7735}.Debug|x86.Build.0 = Debug|Win32
		{D307EA5F-11CE-466D-ABA3-1CC6E87D7735}.Release|x64.ActiveCfg = Release|x64
		{D307EA5F-11CE-466D-ABA3-1CC6E87D7735}.Release|x64.Build.0 = Release|x64
		{D307EA5F-11CE-466D-ABA3-1CC6E87D7735}.Release|x86.ActiveCfg = Release|Win32
		{D307EA5F-11CE-466D-ABA3-1CC6E87D7735}.Release|x86.Build.0 = Release|Win32
	EndGlobalSection
	GlobalSection(SolutionProperties) = preSolution
		HideSolutionNode = FALSE
	EndGlobalSection
	GlobalSection(ExtensibilityGlobals) = postSolution
		SolutionGuid = {B4F89858-9778-4BB8-BD2D-DCD3FFDE2E41}
	EndGlobalSection
EndGlobal
