
Microsoft Visual Studio Solution File, Format Version 12.00
# Visual Studio 14
VisualStudioVersion = 14.0.25420.1
MinimumVisualStudioVersion = 10.0.40219.1
Project("{8BC9CEB8-8B4A-11D0-8D11-00A0C91BC942}") = "LAB-1", "LAB-1\LAB-1.vcxproj", "{BF68E6E8-BA61-4C40-9E03-BA36E1739D0D}"
EndProject
Project("{8BC9CEB8-8B4A-11D0-8D11-00A0C91BC942}") = "LAB-2", "LAB-2\LAB-2.vcxproj", "{E5A869B0-814D-445B-8FB9-78710ED486BB}"
EndProject
Project("{8BC9CEB8-8B4A-11D0-8D11-00A0C91BC942}") = "LAB-3", "LAB-3\LAB-3.vcxproj", "{9DFDEF3B-0DE4-465D-BE5F-F137433870BD}"
EndProject
Project("{8BC9CEB8-8B4A-11D0-8D11-00A0C91BC942}") = "1", "1\1.vcxproj", "{6577BA90-C8B0-445E-87B0-52C91EC82F9D}"
EndProject
Project("{8BC9CEB8-8B4A-11D0-8D11-00A0C91BC942}") = "2", "2\2.vcxproj", "{4847543B-3206-4AB7-8EFE-98FE96569780}"
EndProject
Project("{8BC9CEB8-8B4A-11D0-8D11-00A0C91BC942}") = "4", "4\4.vcxproj", "{9658708D-C949-418F-B033-21D0751ED0FA}"
EndProject
Project("{8BC9CEB8-8B4A-11D0-8D11-00A0C91BC942}") = "6", "6\6.vcxproj", "{7CCAA34A-5F7F-4764-B4FC-54861010E8A2}"
EndProject
Project("{8BC9CEB8-8B4A-11D0-8D11-00A0C91BC942}") = "8", "8\8.vcxproj", "{B4046460-2525-4EEF-A8ED-69FDC4B6E521}"
EndProject
Project("{8BC9CEB8-8B4A-11D0-8D11-00A0C91BC942}") = "10", "10\10.vcxproj", "{64BF544A-362B-4682-A5C2-69A2305DC691}"
EndProject
Project("{8BC9CEB8-8B4A-11D0-8D11-00A0C91BC942}") = "12", "12\12.vcxproj", "{0D6F409C-ACDC-484C-8F5D-D30B031CBC47}"
EndProject
Project("{8BC9CEB8-8B4A-11D0-8D11-00A0C91BC942}") = "14", "14\14.vcxproj", "{85D032C9-95CE-4F1D-89FD-E4BD90BB4E70}"
EndProject
Project("{8BC9CEB8-8B4A-11D0-8D11-00A0C91BC942}") = "16", "16\16.vcxproj", "{3A4A62A8-FE45-47DA-9478-836F63C56C97}"
EndProject
Project("{8BC9CEB8-8B4A-11D0-8D11-00A0C91BC942}") = "18", "18\18.vcxproj", "{D846974F-5609-4818-86B7-36A8B2AD22EB}"
EndProject
Project("{8BC9CEB8-8B4A-11D0-8D11-00A0C91BC942}") = "20", "20\20.vcxproj", "{E1E26315-5ED8-4084-94D3-6611E9BB5D16}"
EndProject
Global
	GlobalSection(SolutionConfigurationPlatforms) = preSolution
		Debug|x64 = Debug|x64
		Debug|x86 = Debug|x86
		Release|x64 = Release|x64
		Release|x86 = Release|x86
	EndGlobalSection
	GlobalSection(ProjectConfigurationPlatforms) = postSolution
		{BF68E6E8-BA61-4C40-9E03-BA36E1739D0D}.Debug|x64.ActiveCfg = Debug|x64
		{BF68E6E8-BA61-4C40-9E03-BA36E1739D0D}.Debug|x64.Build.0 = Debug|x64
		{BF68E6E8-BA61-4C40-9E03-BA36E1739D0D}.Debug|x86.ActiveCfg = Debug|Win32
		{BF68E6E8-BA61-4C40-9E03-BA36E1739D0D}.Debug|x86.Build.0 = Debug|Win32
		{BF68E6E8-BA61-4C40-9E03-BA36E1739D0D}.Release|x64.ActiveCfg = Release|x64
		{BF68E6E8-BA61-4C40-9E03-BA36E1739D0D}.Release|x64.Build.0 = Release|x64
		{BF68E6E8-BA61-4C40-9E03-BA36E1739D0D}.Release|x86.ActiveCfg = Release|Win32
		{BF68E6E8-BA61-4C40-9E03-BA36E1739D0D}.Release|x86.Build.0 = Release|Win32
		{E5A869B0-814D-445B-8FB9-78710ED486BB}.Debug|x64.ActiveCfg = Debug|x64
		{E5A869B0-814D-445B-8FB9-78710ED486BB}.Debug|x64.Build.0 = Debug|x64
		{E5A869B0-814D-445B-8FB9-78710ED486BB}.Debug|x86.ActiveCfg = Debug|Win32
		{E5A869B0-814D-445B-8FB9-78710ED486BB}.Debug|x86.Build.0 = Debug|Win32
		{E5A869B0-814D-445B-8FB9-78710ED486BB}.Release|x64.ActiveCfg = Release|x64
		{E5A869B0-814D-445B-8FB9-78710ED486BB}.Release|x64.Build.0 = Release|x64
		{E5A869B0-814D-445B-8FB9-78710ED486BB}.Release|x86.ActiveCfg = Release|Win32
		{E5A869B0-814D-445B-8FB9-78710ED486BB}.Release|x86.Build.0 = Release|Win32
		{9DFDEF3B-0DE4-465D-BE5F-F137433870BD}.Debug|x64.ActiveCfg = Debug|x64
		{9DFDEF3B-0DE4-465D-BE5F-F137433870BD}.Debug|x64.Build.0 = Debug|x64
		{9DFDEF3B-0DE4-465D-BE5F-F137433870BD}.Debug|x86.ActiveCfg = Debug|Win32
		{9DFDEF3B-0DE4-465D-BE5F-F137433870BD}.Debug|x86.Build.0 = Debug|Win32
		{9DFDEF3B-0DE4-465D-BE5F-F137433870BD}.Release|x64.ActiveCfg = Release|x64
		{9DFDEF3B-0DE4-465D-BE5F-F137433870BD}.Release|x64.Build.0 = Release|x64
		{9DFDEF3B-0DE4-465D-BE5F-F137433870BD}.Release|x86.ActiveCfg = Release|Win32
		{9DFDEF3B-0DE4-465D-BE5F-F137433870BD}.Release|x86.Build.0 = Release|Win32
		{6577BA90-C8B0-445E-87B0-52C91EC82F9D}.Debug|x64.ActiveCfg = Debug|x64
		{6577BA90-C8B0-445E-87B0-52C91EC82F9D}.Debug|x64.Build.0 = Debug|x64
		{6577BA90-C8B0-445E-87B0-52C91EC82F9D}.Debug|x86.ActiveCfg = Debug|Win32
		{6577BA90-C8B0-445E-87B0-52C91EC82F9D}.Debug|x86.Build.0 = Debug|Win32
		{6577BA90-C8B0-445E-87B0-52C91EC82F9D}.Release|x64.ActiveCfg = Release|x64
		{6577BA90-C8B0-445E-87B0-52C91EC82F9D}.Release|x64.Build.0 = Release|x64
		{6577BA90-C8B0-445E-87B0-52C91EC82F9D}.Release|x86.ActiveCfg = Release|Win32
		{6577BA90-C8B0-445E-87B0-52C91EC82F9D}.Release|x86.Build.0 = Release|Win32
		{4847543B-3206-4AB7-8EFE-98FE96569780}.Debug|x64.ActiveCfg = Debug|x64
		{4847543B-3206-4AB7-8EFE-98FE96569780}.Debug|x64.Build.0 = Debug|x64
		{4847543B-3206-4AB7-8EFE-98FE96569780}.Debug|x86.ActiveCfg = Debug|Win32
		{4847543B-3206-4AB7-8EFE-98FE96569780}.Debug|x86.Build.0 = Debug|Win32
		{4847543B-3206-4AB7-8EFE-98FE96569780}.Release|x64.ActiveCfg = Release|x64
		{4847543B-3206-4AB7-8EFE-98FE96569780}.Release|x64.Build.0 = Release|x64
		{4847543B-3206-4AB7-8EFE-98FE96569780}.Release|x86.ActiveCfg = Release|Win32
		{4847543B-3206-4AB7-8EFE-98FE96569780}.Release|x86.Build.0 = Release|Win32
		{9658708D-C949-418F-B033-21D0751ED0FA}.Debug|x64.ActiveCfg = Debug|x64
		{9658708D-C949-418F-B033-21D0751ED0FA}.Debug|x64.Build.0 = Debug|x64
		{9658708D-C949-418F-B033-21D0751ED0FA}.Debug|x86.ActiveCfg = Debug|Win32
		{9658708D-C949-418F-B033-21D0751ED0FA}.Debug|x86.Build.0 = Debug|Win32
		{9658708D-C949-418F-B033-21D0751ED0FA}.Release|x64.ActiveCfg = Release|x64
		{9658708D-C949-418F-B033-21D0751ED0FA}.Release|x64.Build.0 = Release|x64
		{9658708D-C949-418F-B033-21D0751ED0FA}.Release|x86.ActiveCfg = Release|Win32
		{9658708D-C949-418F-B033-21D0751ED0FA}.Release|x86.Build.0 = Release|Win32
		{7CCAA34A-5F7F-4764-B4FC-54861010E8A2}.Debug|x64.ActiveCfg = Debug|x64
		{7CCAA34A-5F7F-4764-B4FC-54861010E8A2}.Debug|x64.Build.0 = Debug|x64
		{7CCAA34A-5F7F-4764-B4FC-54861010E8A2}.Debug|x86.ActiveCfg = Debug|Win32
		{7CCAA34A-5F7F-4764-B4FC-54861010E8A2}.Debug|x86.Build.0 = Debug|Win32
		{7CCAA34A-5F7F-4764-B4FC-54861010E8A2}.Release|x64.ActiveCfg = Release|x64
		{7CCAA34A-5F7F-4764-B4FC-54861010E8A2}.Release|x64.Build.0 = Release|x64
		{7CCAA34A-5F7F-4764-B4FC-54861010E8A2}.Release|x86.ActiveCfg = Release|Win32
		{7CCAA34A-5F7F-4764-B4FC-54861010E8A2}.Release|x86.Build.0 = Release|Win32
		{B4046460-2525-4EEF-A8ED-69FDC4B6E521}.Debug|x64.ActiveCfg = Debug|x64
		{B4046460-2525-4EEF-A8ED-69FDC4B6E521}.Debug|x64.Build.0 = Debug|x64
		{B4046460-2525-4EEF-A8ED-69FDC4B6E521}.Debug|x86.ActiveCfg = Debug|Win32
		{B4046460-2525-4EEF-A8ED-69FDC4B6E521}.Debug|x86.Build.0 = Debug|Win32
		{B4046460-2525-4EEF-A8ED-69FDC4B6E521}.Release|x64.ActiveCfg = Release|x64
		{B4046460-2525-4EEF-A8ED-69FDC4B6E521}.Release|x64.Build.0 = Release|x64
		{B4046460-2525-4EEF-A8ED-69FDC4B6E521}.Release|x86.ActiveCfg = Release|Win32
		{B4046460-2525-4EEF-A8ED-69FDC4B6E521}.Release|x86.Build.0 = Release|Win32
		{64BF544A-362B-4682-A5C2-69A2305DC691}.Debug|x64.ActiveCfg = Debug|x64
		{64BF544A-362B-4682-A5C2-69A2305DC691}.Debug|x64.Build.0 = Debug|x64
		{64BF544A-362B-4682-A5C2-69A2305DC691}.Debug|x86.ActiveCfg = Debug|Win32
		{64BF544A-362B-4682-A5C2-69A2305DC691}.Debug|x86.Build.0 = Debug|Win32
		{64BF544A-362B-4682-A5C2-69A2305DC691}.Release|x64.ActiveCfg = Release|x64
		{64BF544A-362B-4682-A5C2-69A2305DC691}.Release|x64.Build.0 = Release|x64
		{64BF544A-362B-4682-A5C2-69A2305DC691}.Release|x86.ActiveCfg = Release|Win32
		{64BF544A-362B-4682-A5C2-69A2305DC691}.Release|x86.Build.0 = Release|Win32
		{0D6F409C-ACDC-484C-8F5D-D30B031CBC47}.Debug|x64.ActiveCfg = Debug|x64
		{0D6F409C-ACDC-484C-8F5D-D30B031CBC47}.Debug|x64.Build.0 = Debug|x64
		{0D6F409C-ACDC-484C-8F5D-D30B031CBC47}.Debug|x86.ActiveCfg = Debug|Win32
		{0D6F409C-ACDC-484C-8F5D-D30B031CBC47}.Debug|x86.Build.0 = Debug|Win32
		{0D6F409C-ACDC-484C-8F5D-D30B031CBC47}.Release|x64.ActiveCfg = Release|x64
		{0D6F409C-ACDC-484C-8F5D-D30B031CBC47}.Release|x64.Build.0 = Release|x64
		{0D6F409C-ACDC-484C-8F5D-D30B031CBC47}.Release|x86.ActiveCfg = Release|Win32
		{0D6F409C-ACDC-484C-8F5D-D30B031CBC47}.Release|x86.Build.0 = Release|Win32
		{85D032C9-95CE-4F1D-89FD-E4BD90BB4E70}.Debug|x64.ActiveCfg = Debug|x64
		{85D032C9-95CE-4F1D-89FD-E4BD90BB4E70}.Debug|x64.Build.0 = Debug|x64
		{85D032C9-95CE-4F1D-89FD-E4BD90BB4E70}.Debug|x86.ActiveCfg = Debug|Win32
		{85D032C9-95CE-4F1D-89FD-E4BD90BB4E70}.Debug|x86.Build.0 = Debug|Win32
		{85D032C9-95CE-4F1D-89FD-E4BD90BB4E70}.Release|x64.ActiveCfg = Release|x64
		{85D032C9-95CE-4F1D-89FD-E4BD90BB4E70}.Release|x64.Build.0 = Release|x64
		{85D032C9-95CE-4F1D-89FD-E4BD90BB4E70}.Release|x86.ActiveCfg = Release|Win32
		{85D032C9-95CE-4F1D-89FD-E4BD90BB4E70}.Release|x86.Build.0 = Release|Win32
		{3A4A62A8-FE45-47DA-9478-836F63C56C97}.Debug|x64.ActiveCfg = Debug|x64
		{3A4A62A8-FE45-47DA-9478-836F63C56C97}.Debug|x64.Build.0 = Debug|x64
		{3A4A62A8-FE45-47DA-9478-836F63C56C97}.Debug|x86.ActiveCfg = Debug|Win32
		{3A4A62A8-FE45-47DA-9478-836F63C56C97}.Debug|x86.Build.0 = Debug|Win32
		{3A4A62A8-FE45-47DA-9478-836F63C56C97}.Release|x64.ActiveCfg = Release|x64
		{3A4A62A8-FE45-47DA-9478-836F63C56C97}.Release|x64.Build.0 = Release|x64
		{3A4A62A8-FE45-47DA-9478-836F63C56C97}.Release|x86.ActiveCfg = Release|Win32
		{3A4A62A8-FE45-47DA-9478-836F63C56C97}.Release|x86.Build.0 = Release|Win32
		{D846974F-5609-4818-86B7-36A8B2AD22EB}.Debug|x64.ActiveCfg = Debug|x64
		{D846974F-5609-4818-86B7-36A8B2AD22EB}.Debug|x64.Build.0 = Debug|x64
		{D846974F-5609-4818-86B7-36A8B2AD22EB}.Debug|x86.ActiveCfg = Debug|Win32
		{D846974F-5609-4818-86B7-36A8B2AD22EB}.Debug|x86.Build.0 = Debug|Win32
		{D846974F-5609-4818-86B7-36A8B2AD22EB}.Release|x64.ActiveCfg = Release|x64
		{D846974F-5609-4818-86B7-36A8B2AD22EB}.Release|x64.Build.0 = Release|x64
		{D846974F-5609-4818-86B7-36A8B2AD22EB}.Release|x86.ActiveCfg = Release|Win32
		{D846974F-5609-4818-86B7-36A8B2AD22EB}.Release|x86.Build.0 = Release|Win32
		{E1E26315-5ED8-4084-94D3-6611E9BB5D16}.Debug|x64.ActiveCfg = Debug|x64
		{E1E26315-5ED8-4084-94D3-6611E9BB5D16}.Debug|x64.Build.0 = Debug|x64
		{E1E26315-5ED8-4084-94D3-6611E9BB5D16}.Debug|x86.ActiveCfg = Debug|Win32
		{E1E26315-5ED8-4084-94D3-6611E9BB5D16}.Debug|x86.Build.0 = Debug|Win32
		{E1E26315-5ED8-4084-94D3-6611E9BB5D16}.Release|x64.ActiveCfg = Release|x64
		{E1E26315-5ED8-4084-94D3-6611E9BB5D16}.Release|x64.Build.0 = Release|x64
		{E1E26315-5ED8-4084-94D3-6611E9BB5D16}.Release|x86.ActiveCfg = Release|Win32
		{E1E26315-5ED8-4084-94D3-6611E9BB5D16}.Release|x86.Build.0 = Release|Win32
	EndGlobalSection
	GlobalSection(SolutionProperties) = preSolution
		HideSolutionNode = FALSE
	EndGlobalSection
EndGlobal
