
Microsoft Visual Studio Solution File, Format Version 12.00
# Visual Studio 15
VisualStudioVersion = 15.0.27130.2036
MinimumVisualStudioVersion = 10.0.40219.1
Project("{8BC9CEB8-8B4A-11D0-8D11-00A0C91BC942}") = "Project2", "Project2\Project2.vcxproj", "{CA9C0E67-32C3-4579-85B0-1649791DF14C}"
EndProject
Project("{8BC9CEB8-8B4A-11D0-8D11-00A0C91BC942}") = "Project2_2", "Project2_2\Project2_2.vcxproj", "{7B27FDA6-5DEE-4B1C-923E-AD148DD6C846}"
EndProject
Global
	GlobalSection(SolutionConfigurationPlatforms) = preSolution
		Debug|x64 = Debug|x64
		Debug|x86 = Debug|x86
		Release|x64 = Release|x64
		Release|x86 = Release|x86
	EndGlobalSection
	GlobalSection(ProjectConfigurationPlatforms) = postSolution
		{CA9C0E67-32C3-4579-85B0-1649791DF14C}.Debug|x64.ActiveCfg = Debug|x64
		{CA9C0E67-32C3-4579-85B0-1649791DF14C}.Debug|x64.Build.0 = Debug|x64
		{CA9C0E67-32C3-4579-85B0-1649791DF14C}.Debug|x86.ActiveCfg = Debug|Win32
		{CA9C0E67-32C3-4579-85B0-1649791DF14C}.Debug|x86.Build.0 = Debug|Win32
		{CA9C0E67-32C3-4579-85B0-1649791DF14C}.Release|x64.ActiveCfg = Release|x64
		{CA9C0E67-32C3-4579-85B0-1649791DF14C}.Release|x64.Build.0 = Release|x64
		{CA9C0E67-32C3-4579-85B0-1649791DF14C}.Release|x86.ActiveCfg = Release|Win32
		{CA9C0E67-32C3-4579-85B0-1649791DF14C}.Release|x86.Build.0 = Release|Win32
		{7B27FDA6-5DEE-4B1C-923E-AD148DD6C846}.Debug|x64.ActiveCfg = Debug|x64
		{7B27FDA6-5DEE-4B1C-923E-AD148DD6C846}.Debug|x64.Build.0 = Debug|x64
		{7B27FDA6-5DEE-4B1C-923E-AD148DD6C846}.Debug|x86.ActiveCfg = Debug|Win32
		{7B27FDA6-5DEE-4B1C-923E-AD148DD6C846}.Debug|x86.Build.0 = Debug|Win32
		{7B27FDA6-5DEE-4B1C-923E-AD148DD6C846}.Release|x64.ActiveCfg = Release|x64
		{7B27FDA6-5DEE-4B1C-923E-AD148DD6C846}.Release|x64.Build.0 = Release|x64
		{7B27FDA6-5DEE-4B1C-923E-AD148DD6C846}.Release|x86.ActiveCfg = Release|Win32
		{7B27FDA6-5DEE-4B1C-923E-AD148DD6C846}.Release|x86.Build.0 = Release|Win32
	EndGlobalSection
	GlobalSection(SolutionProperties) = preSolution
		HideSolutionNode = FALSE
	EndGlobalSection
	GlobalSection(ExtensibilityGlobals) = postSolution
		SolutionGuid = {799E3390-AF61-4ABB-B500-6DC4BF842904}
	EndGlobalSection
EndGlobal
