
Microsoft Visual Studio Solution File, Format Version 12.00
# Visual Studio 15
VisualStudioVersion = 15.0.28307.572
MinimumVisualStudioVersion = 10.0.40219.1
Project("{8BC9CEB8-8B4A-11D0-8D11-00A0C91BC942}") = "Project2", "Project2\Project2.vcxproj", "{C71ADB1A-3838-4E75-89E5-94BFE7708A2D}"
EndProject
Project("{8BC9CEB8-8B4A-11D0-8D11-00A0C91BC942}") = "Project1", "Project1\Project1.vcxproj", "{C1B9051B-74DC-4B3F-B97F-4DA9D1D74BF1}"
EndProject
Global
	GlobalSection(SolutionConfigurationPlatforms) = preSolution
		Debug|x64 = Debug|x64
		Debug|x86 = Debug|x86
		Release|x64 = Release|x64
		Release|x86 = Release|x86
	EndGlobalSection
	GlobalSection(ProjectConfigurationPlatforms) = postSolution
		{C71ADB1A-3838-4E75-89E5-94BFE7708A2D}.Debug|x64.ActiveCfg = Debug|x64
		{C71ADB1A-3838-4E75-89E5-94BFE7708A2D}.Debug|x64.Build.0 = Debug|x64
		{C71ADB1A-3838-4E75-89E5-94BFE7708A2D}.Debug|x86.ActiveCfg = Debug|Win32
		{C71ADB1A-3838-4E75-89E5-94BFE7708A2D}.Debug|x86.Build.0 = Debug|Win32
		{C71ADB1A-3838-4E75-89E5-94BFE7708A2D}.Release|x64.ActiveCfg = Release|x64
		{C71ADB1A-3838-4E75-89E5-94BFE7708A2D}.Release|x64.Build.0 = Release|x64
		{C71ADB1A-3838-4E75-89E5-94BFE7708A2D}.Release|x86.ActiveCfg = Release|Win32
		{C71ADB1A-3838-4E75-89E5-94BFE7708A2D}.Release|x86.Build.0 = Release|Win32
		{C1B9051B-74DC-4B3F-B97F-4DA9D1D74BF1}.Debug|x64.ActiveCfg = Debug|x64
		{C1B9051B-74DC-4B3F-B97F-4DA9D1D74BF1}.Debug|x64.Build.0 = Debug|x64
		{C1B9051B-74DC-4B3F-B97F-4DA9D1D74BF1}.Debug|x86.ActiveCfg = Debug|Win32
		{C1B9051B-74DC-4B3F-B97F-4DA9D1D74BF1}.Debug|x86.Build.0 = Debug|Win32
		{C1B9051B-74DC-4B3F-B97F-4DA9D1D74BF1}.Release|x64.ActiveCfg = Release|x64
		{C1B9051B-74DC-4B3F-B97F-4DA9D1D74BF1}.Release|x64.Build.0 = Release|x64
		{C1B9051B-74DC-4B3F-B97F-4DA9D1D74BF1}.Release|x86.ActiveCfg = Release|Win32
		{C1B9051B-74DC-4B3F-B97F-4DA9D1D74BF1}.Release|x86.Build.0 = Release|Win32
	EndGlobalSection
	GlobalSection(SolutionProperties) = preSolution
		HideSolutionNode = FALSE
	EndGlobalSection
	GlobalSection(ExtensibilityGlobals) = postSolution
		SolutionGuid = {EFE5313B-3777-43EC-A1AA-4D24D9609E71}
	EndGlobalSection
EndGlobal
